// !$*UTF8*$!
{
	archiveVersion = 1;
	classes = {
	};
	objectVersion = 56;
	objects = {

/* Begin PBXBuildFile section */
		DE8BC5642ACBA3A900F72C20 /* Constants.swift in Sources */ = {isa = PBXBuildFile; fileRef = DE8BC5632ACBA3A900F72C20 /* Constants.swift */; };
		DE8BC5672ACBA4EF00F72C20 /* HeaderViewDataMock.swift in Sources */ = {isa = PBXBuildFile; fileRef = DE8BC5662ACBA4EF00F72C20 /* HeaderViewDataMock.swift */; };
		DE8BEFBE2ACB32CA001064A9 /* ToDoListApp.swift in Sources */ = {isa = PBXBuildFile; fileRef = DE8BEFBD2ACB32CA001064A9 /* ToDoListApp.swift */; };
		DE8BEFC02ACB32CA001064A9 /* MainView.swift in Sources */ = {isa = PBXBuildFile; fileRef = DE8BEFBF2ACB32CA001064A9 /* MainView.swift */; };
		DE8BEFC22ACB32CD001064A9 /* Assets.xcassets in Resources */ = {isa = PBXBuildFile; fileRef = DE8BEFC12ACB32CD001064A9 /* Assets.xcassets */; };
		DE8BEFC52ACB32CD001064A9 /* Preview Assets.xcassets in Resources */ = {isa = PBXBuildFile; fileRef = DE8BEFC42ACB32CD001064A9 /* Preview Assets.xcassets */; };
		DE8BEFCF2ACB32CD001064A9 /* ToDoListTests.swift in Sources */ = {isa = PBXBuildFile; fileRef = DE8BEFCE2ACB32CD001064A9 /* ToDoListTests.swift */; };
		DE8BEFD92ACB32CD001064A9 /* ToDoListUITests.swift in Sources */ = {isa = PBXBuildFile; fileRef = DE8BEFD82ACB32CD001064A9 /* ToDoListUITests.swift */; };
		DE8BEFDB2ACB32CD001064A9 /* ToDoListUITestsLaunchTests.swift in Sources */ = {isa = PBXBuildFile; fileRef = DE8BEFDA2ACB32CD001064A9 /* ToDoListUITestsLaunchTests.swift */; };
		DE8ECBFA2ACB454A00A99ACE /* GoogleService-Info.plist in Resources */ = {isa = PBXBuildFile; fileRef = DE8ECBF92ACB454A00A99ACE /* GoogleService-Info.plist */; };
		DEA477C32ACB980A00DC3507 /* MainViewViewModel.swift in Sources */ = {isa = PBXBuildFile; fileRef = DEA477C22ACB980A00DC3507 /* MainViewViewModel.swift */; };
		DEA477C92ACB983700DC3507 /* LoginViewViewModel.swift in Sources */ = {isa = PBXBuildFile; fileRef = DEA477C82ACB983700DC3507 /* LoginViewViewModel.swift */; };
		DEA477CB2ACB984400DC3507 /* LoginView.swift in Sources */ = {isa = PBXBuildFile; fileRef = DEA477CA2ACB984400DC3507 /* LoginView.swift */; };
		DEA477CF2ACB987C00DC3507 /* RegisterView.swift in Sources */ = {isa = PBXBuildFile; fileRef = DEA477CE2ACB987C00DC3507 /* RegisterView.swift */; };
		DEA477D12ACB988700DC3507 /* RegisterViewViewModel.swift in Sources */ = {isa = PBXBuildFile; fileRef = DEA477D02ACB988700DC3507 /* RegisterViewViewModel.swift */; };
		DEA477D52ACB98E300DC3507 /* HeaderView.swift in Sources */ = {isa = PBXBuildFile; fileRef = DEA477D42ACB98E300DC3507 /* HeaderView.swift */; };
		DED567C72ACB917200984E02 /* FirebaseAuth in Frameworks */ = {isa = PBXBuildFile; productRef = DED567C62ACB917200984E02 /* FirebaseAuth */; };
		DED567C92ACB917200984E02 /* FirebaseFirestore in Frameworks */ = {isa = PBXBuildFile; productRef = DED567C82ACB917200984E02 /* FirebaseFirestore */; };
		DED567CB2ACB917200984E02 /* FirebaseFirestoreSwift in Frameworks */ = {isa = PBXBuildFile; productRef = DED567CA2ACB917200984E02 /* FirebaseFirestoreSwift */; };
		DED567CD2ACB917200984E02 /* FirebaseStorage in Frameworks */ = {isa = PBXBuildFile; productRef = DED567CC2ACB917200984E02 /* FirebaseStorage */; };
/* End PBXBuildFile section */

/* Begin PBXContainerItemProxy section */
		DE8BEFCB2ACB32CD001064A9 /* PBXContainerItemProxy */ = {
			isa = PBXContainerItemProxy;
			containerPortal = DE8BEFB22ACB32CA001064A9 /* Project object */;
			proxyType = 1;
			remoteGlobalIDString = DE8BEFB92ACB32CA001064A9;
			remoteInfo = ToDoList;
		};
		DE8BEFD52ACB32CD001064A9 /* PBXContainerItemProxy */ = {
			isa = PBXContainerItemProxy;
			containerPortal = DE8BEFB22ACB32CA001064A9 /* Project object */;
			proxyType = 1;
			remoteGlobalIDString = DE8BEFB92ACB32CA001064A9;
			remoteInfo = ToDoList;
		};
/* End PBXContainerItemProxy section */

/* Begin PBXFileReference section */
		DE8BC5632ACBA3A900F72C20 /* Constants.swift */ = {isa = PBXFileReference; lastKnownFileType = sourcecode.swift; path = Constants.swift; sourceTree = "<group>"; };
		DE8BC5662ACBA4EF00F72C20 /* HeaderViewDataMock.swift */ = {isa = PBXFileReference; lastKnownFileType = sourcecode.swift; path = HeaderViewDataMock.swift; sourceTree = "<group>"; };
		DE8BEFBA2ACB32CA001064A9 /* ToDoList.app */ = {isa = PBXFileReference; explicitFileType = wrapper.application; includeInIndex = 0; path = ToDoList.app; sourceTree = BUILT_PRODUCTS_DIR; };
		DE8BEFBD2ACB32CA001064A9 /* ToDoListApp.swift */ = {isa = PBXFileReference; lastKnownFileType = sourcecode.swift; path = ToDoListApp.swift; sourceTree = "<group>"; };
		DE8BEFBF2ACB32CA001064A9 /* MainView.swift */ = {isa = PBXFileReference; lastKnownFileType = sourcecode.swift; path = MainView.swift; sourceTree = "<group>"; };
		DE8BEFC12ACB32CD001064A9 /* Assets.xcassets */ = {isa = PBXFileReference; lastKnownFileType = folder.assetcatalog; path = Assets.xcassets; sourceTree = "<group>"; };
		DE8BEFC42ACB32CD001064A9 /* Preview Assets.xcassets */ = {isa = PBXFileReference; lastKnownFileType = folder.assetcatalog; path = "Preview Assets.xcassets"; sourceTree = "<group>"; };
		DE8BEFCA2ACB32CD001064A9 /* ToDoListTests.xctest */ = {isa = PBXFileReference; explicitFileType = wrapper.cfbundle; includeInIndex = 0; path = ToDoListTests.xctest; sourceTree = BUILT_PRODUCTS_DIR; };
		DE8BEFCE2ACB32CD001064A9 /* ToDoListTests.swift */ = {isa = PBXFileReference; lastKnownFileType = sourcecode.swift; path = ToDoListTests.swift; sourceTree = "<group>"; };
		DE8BEFD42ACB32CD001064A9 /* ToDoListUITests.xctest */ = {isa = PBXFileReference; explicitFileType = wrapper.cfbundle; includeInIndex = 0; path = ToDoListUITests.xctest; sourceTree = BUILT_PRODUCTS_DIR; };
		DE8BEFD82ACB32CD001064A9 /* ToDoListUITests.swift */ = {isa = PBXFileReference; lastKnownFileType = sourcecode.swift; path = ToDoListUITests.swift; sourceTree = "<group>"; };
		DE8BEFDA2ACB32CD001064A9 /* ToDoListUITestsLaunchTests.swift */ = {isa = PBXFileReference; lastKnownFileType = sourcecode.swift; path = ToDoListUITestsLaunchTests.swift; sourceTree = "<group>"; };
		DE8ECBF92ACB454A00A99ACE /* GoogleService-Info.plist */ = {isa = PBXFileReference; fileEncoding = 4; lastKnownFileType = text.plist.xml; path = "GoogleService-Info.plist"; sourceTree = "<group>"; };
		DEA477C22ACB980A00DC3507 /* MainViewViewModel.swift */ = {isa = PBXFileReference; lastKnownFileType = sourcecode.swift; path = MainViewViewModel.swift; sourceTree = "<group>"; };
		DEA477C82ACB983700DC3507 /* LoginViewViewModel.swift */ = {isa = PBXFileReference; lastKnownFileType = sourcecode.swift; path = LoginViewViewModel.swift; sourceTree = "<group>"; };
		DEA477CA2ACB984400DC3507 /* LoginView.swift */ = {isa = PBXFileReference; lastKnownFileType = sourcecode.swift; path = LoginView.swift; sourceTree = "<group>"; };
		DEA477CE2ACB987C00DC3507 /* RegisterView.swift */ = {isa = PBXFileReference; lastKnownFileType = sourcecode.swift; path = RegisterView.swift; sourceTree = "<group>"; };
		DEA477D02ACB988700DC3507 /* RegisterViewViewModel.swift */ = {isa = PBXFileReference; lastKnownFileType = sourcecode.swift; path = RegisterViewViewModel.swift; sourceTree = "<group>"; };
		DEA477D42ACB98E300DC3507 /* HeaderView.swift */ = {isa = PBXFileReference; lastKnownFileType = sourcecode.swift; path = HeaderView.swift; sourceTree = "<group>"; };
/* End PBXFileReference section */

/* Begin PBXFrameworksBuildPhase section */
		DE8BEFB72ACB32CA001064A9 /* Frameworks */ = {
			isa = PBXFrameworksBuildPhase;
			buildActionMask = 2147483647;
			files = (
				DED567C72ACB917200984E02 /* FirebaseAuth in Frameworks */,
				DED567CD2ACB917200984E02 /* FirebaseStorage in Frameworks */,
				DED567C92ACB917200984E02 /* FirebaseFirestore in Frameworks */,
				DED567CB2ACB917200984E02 /* FirebaseFirestoreSwift in Frameworks */,
			);
			runOnlyForDeploymentPostprocessing = 0;
		};
		DE8BEFC72ACB32CD001064A9 /* Frameworks */ = {
			isa = PBXFrameworksBuildPhase;
			buildActionMask = 2147483647;
			files = (
			);
			runOnlyForDeploymentPostprocessing = 0;
		};
		DE8BEFD12ACB32CD001064A9 /* Frameworks */ = {
			isa = PBXFrameworksBuildPhase;
			buildActionMask = 2147483647;
			files = (
			);
			runOnlyForDeploymentPostprocessing = 0;
		};
/* End PBXFrameworksBuildPhase section */

/* Begin PBXGroup section */
		DE8BC5622ACBA39700F72C20 /* Constants */ = {
			isa = PBXGroup;
			children = (
				DE8BC5632ACBA3A900F72C20 /* Constants.swift */,
			);
			path = Constants;
			sourceTree = "<group>";
		};
		DE8BC5652ACBA4E100F72C20 /* HeaderView */ = {
			isa = PBXGroup;
			children = (
				DE8BC5662ACBA4EF00F72C20 /* HeaderViewDataMock.swift */,
			);
			path = HeaderView;
			sourceTree = "<group>";
		};
		DE8BEFB12ACB32CA001064A9 = {
			isa = PBXGroup;
			children = (
				DE8BEFBC2ACB32CA001064A9 /* ToDoList */,
				DE8BEFCD2ACB32CD001064A9 /* ToDoListTests */,
				DE8BEFD72ACB32CD001064A9 /* ToDoListUITests */,
				DE8BEFBB2ACB32CA001064A9 /* Products */,
				DED567C52ACB917200984E02 /* Frameworks */,
			);
			sourceTree = "<group>";
		};
		DE8BEFBB2ACB32CA001064A9 /* Products */ = {
			isa = PBXGroup;
			children = (
				DE8BEFBA2ACB32CA001064A9 /* ToDoList.app */,
				DE8BEFCA2ACB32CD001064A9 /* ToDoListTests.xctest */,
				DE8BEFD42ACB32CD001064A9 /* ToDoListUITests.xctest */,
			);
			name = Products;
			sourceTree = "<group>";
		};
		DE8BEFBC2ACB32CA001064A9 /* ToDoList */ = {
			isa = PBXGroup;
			children = (
				DE8BC5622ACBA39700F72C20 /* Constants */,
				DEA477D22ACB98C200DC3507 /* Components */,
				DEA477BE2ACB97AA00DC3507 /* Scenes */,
				DEA477BD2ACB979B00DC3507 /* Support Files */,
				DE8BEFBD2ACB32CA001064A9 /* ToDoListApp.swift */,
				DE8BEFC32ACB32CD001064A9 /* Preview Content */,
			);
			path = ToDoList;
			sourceTree = "<group>";
		};
		DE8BEFC32ACB32CD001064A9 /* Preview Content */ = {
			isa = PBXGroup;
			children = (
				DE8BC5652ACBA4E100F72C20 /* HeaderView */,
				DE8BEFC42ACB32CD001064A9 /* Preview Assets.xcassets */,
			);
			path = "Preview Content";
			sourceTree = "<group>";
		};
		DE8BEFCD2ACB32CD001064A9 /* ToDoListTests */ = {
			isa = PBXGroup;
			children = (
				DE8BEFCE2ACB32CD001064A9 /* ToDoListTests.swift */,
			);
			path = ToDoListTests;
			sourceTree = "<group>";
		};
		DE8BEFD72ACB32CD001064A9 /* ToDoListUITests */ = {
			isa = PBXGroup;
			children = (
				DE8BEFD82ACB32CD001064A9 /* ToDoListUITests.swift */,
				DE8BEFDA2ACB32CD001064A9 /* ToDoListUITestsLaunchTests.swift */,
			);
			path = ToDoListUITests;
			sourceTree = "<group>";
		};
		DEA477BD2ACB979B00DC3507 /* Support Files */ = {
			isa = PBXGroup;
			children = (
				DE8BEFC12ACB32CD001064A9 /* Assets.xcassets */,
				DE8ECBF92ACB454A00A99ACE /* GoogleService-Info.plist */,
			);
			path = "Support Files";
			sourceTree = "<group>";
		};
		DEA477BE2ACB97AA00DC3507 /* Scenes */ = {
			isa = PBXGroup;
			children = (
				DEA477C52ACB982000DC3507 /* Register */,
				DEA477C42ACB981600DC3507 /* Login */,
				DEA477BF2ACB97AF00DC3507 /* Main */,
			);
			name = Scenes;
			sourceTree = "<group>";
		};
		DEA477BF2ACB97AF00DC3507 /* Main */ = {
			isa = PBXGroup;
			children = (
				DEA477C12ACB97C100DC3507 /* ViewModel */,
				DEA477C02ACB97BA00DC3507 /* View */,
			);
			name = Main;
			sourceTree = "<group>";
		};
		DEA477C02ACB97BA00DC3507 /* View */ = {
			isa = PBXGroup;
			children = (
				DE8BEFBF2ACB32CA001064A9 /* MainView.swift */,
			);
			name = View;
			sourceTree = "<group>";
		};
		DEA477C12ACB97C100DC3507 /* ViewModel */ = {
			isa = PBXGroup;
			children = (
				DEA477C22ACB980A00DC3507 /* MainViewViewModel.swift */,
			);
			name = ViewModel;
			sourceTree = "<group>";
		};
		DEA477C42ACB981600DC3507 /* Login */ = {
			isa = PBXGroup;
			children = (
				DEA477C72ACB982B00DC3507 /* ViewModel */,
				DEA477C62ACB982600DC3507 /* View */,
			);
			name = Login;
			sourceTree = "<group>";
		};
		DEA477C52ACB982000DC3507 /* Register */ = {
			isa = PBXGroup;
			children = (
				DEA477CD2ACB986800DC3507 /* View */,
				DEA477CC2ACB985B00DC3507 /* ViewModel */,
			);
			name = Register;
			sourceTree = "<group>";
		};
		DEA477C62ACB982600DC3507 /* View */ = {
			isa = PBXGroup;
			children = (
				DEA477CA2ACB984400DC3507 /* LoginView.swift */,
			);
			name = View;
			sourceTree = "<group>";
		};
		DEA477C72ACB982B00DC3507 /* ViewModel */ = {
			isa = PBXGroup;
			children = (
				DEA477C82ACB983700DC3507 /* LoginViewViewModel.swift */,
			);
			name = ViewModel;
			sourceTree = "<group>";
		};
		DEA477CC2ACB985B00DC3507 /* ViewModel */ = {
			isa = PBXGroup;
			children = (
				DEA477D02ACB988700DC3507 /* RegisterViewViewModel.swift */,
			);
			name = ViewModel;
			sourceTree = "<group>";
		};
		DEA477CD2ACB986800DC3507 /* View */ = {
			isa = PBXGroup;
			children = (
				DEA477CE2ACB987C00DC3507 /* RegisterView.swift */,
			);
			name = View;
			sourceTree = "<group>";
		};
		DEA477D22ACB98C200DC3507 /* Components */ = {
			isa = PBXGroup;
			children = (
				DEA477D32ACB98D900DC3507 /* HeaderView */,
			);
			path = Components;
			sourceTree = "<group>";
		};
		DEA477D32ACB98D900DC3507 /* HeaderView */ = {
			isa = PBXGroup;
			children = (
				DEA477D42ACB98E300DC3507 /* HeaderView.swift */,
			);
			path = HeaderView;
			sourceTree = "<group>";
		};
		DED567C52ACB917200984E02 /* Frameworks */ = {
			isa = PBXGroup;
			children = (
			);
			name = Frameworks;
			sourceTree = "<group>";
		};
/* End PBXGroup section */

/* Begin PBXNativeTarget section */
		DE8BEFB92ACB32CA001064A9 /* ToDoList */ = {
			isa = PBXNativeTarget;
			buildConfigurationList = DE8BEFDE2ACB32CD001064A9 /* Build configuration list for PBXNativeTarget "ToDoList" */;
			buildPhases = (
				DE8BEFB62ACB32CA001064A9 /* Sources */,
				DE8BEFB72ACB32CA001064A9 /* Frameworks */,
				DE8BEFB82ACB32CA001064A9 /* Resources */,
			);
			buildRules = (
			);
			dependencies = (
			);
			name = ToDoList;
			packageProductDependencies = (
				DED567C62ACB917200984E02 /* FirebaseAuth */,
				DED567C82ACB917200984E02 /* FirebaseFirestore */,
				DED567CA2ACB917200984E02 /* FirebaseFirestoreSwift */,
				DED567CC2ACB917200984E02 /* FirebaseStorage */,
			);
			productName = ToDoList;
			productReference = DE8BEFBA2ACB32CA001064A9 /* ToDoList.app */;
			productType = "com.apple.product-type.application";
		};
		DE8BEFC92ACB32CD001064A9 /* ToDoListTests */ = {
			isa = PBXNativeTarget;
			buildConfigurationList = DE8BEFE12ACB32CD001064A9 /* Build configuration list for PBXNativeTarget "ToDoListTests" */;
			buildPhases = (
				DE8BEFC62ACB32CD001064A9 /* Sources */,
				DE8BEFC72ACB32CD001064A9 /* Frameworks */,
				DE8BEFC82ACB32CD001064A9 /* Resources */,
			);
			buildRules = (
			);
			dependencies = (
				DE8BEFCC2ACB32CD001064A9 /* PBXTargetDependency */,
			);
			name = ToDoListTests;
			productName = ToDoListTests;
			productReference = DE8BEFCA2ACB32CD001064A9 /* ToDoListTests.xctest */;
			productType = "com.apple.product-type.bundle.unit-test";
		};
		DE8BEFD32ACB32CD001064A9 /* ToDoListUITests */ = {
			isa = PBXNativeTarget;
			buildConfigurationList = DE8BEFE42ACB32CD001064A9 /* Build configuration list for PBXNativeTarget "ToDoListUITests" */;
			buildPhases = (
				DE8BEFD02ACB32CD001064A9 /* Sources */,
				DE8BEFD12ACB32CD001064A9 /* Frameworks */,
				DE8BEFD22ACB32CD001064A9 /* Resources */,
			);
			buildRules = (
			);
			dependencies = (
				DE8BEFD62ACB32CD001064A9 /* PBXTargetDependency */,
			);
			name = ToDoListUITests;
			productName = ToDoListUITests;
			productReference = DE8BEFD42ACB32CD001064A9 /* ToDoListUITests.xctest */;
			productType = "com.apple.product-type.bundle.ui-testing";
		};
/* End PBXNativeTarget section */

/* Begin PBXProject section */
		DE8BEFB22ACB32CA001064A9 /* Project object */ = {
			isa = PBXProject;
			attributes = {
				BuildIndependentTargetsInParallel = 1;
				LastSwiftUpdateCheck = 1500;
				LastUpgradeCheck = 1500;
				TargetAttributes = {
					DE8BEFB92ACB32CA001064A9 = {
						CreatedOnToolsVersion = 15.0;
					};
					DE8BEFC92ACB32CD001064A9 = {
						CreatedOnToolsVersion = 15.0;
						TestTargetID = DE8BEFB92ACB32CA001064A9;
					};
					DE8BEFD32ACB32CD001064A9 = {
						CreatedOnToolsVersion = 15.0;
						TestTargetID = DE8BEFB92ACB32CA001064A9;
					};
				};
			};
			buildConfigurationList = DE8BEFB52ACB32CA001064A9 /* Build configuration list for PBXProject "ToDoList" */;
			compatibilityVersion = "Xcode 14.0";
			developmentRegion = en;
			hasScannedForEncodings = 0;
			knownRegions = (
				en,
				Base,
			);
			mainGroup = DE8BEFB12ACB32CA001064A9;
			packageReferences = (
				DE8ECBF82ACB42E600A99ACE /* XCRemoteSwiftPackageReference "firebase-ios-sdk" */,
			);
			productRefGroup = DE8BEFBB2ACB32CA001064A9 /* Products */;
			projectDirPath = "";
			projectRoot = "";
			targets = (
				DE8BEFB92ACB32CA001064A9 /* ToDoList */,
				DE8BEFC92ACB32CD001064A9 /* ToDoListTests */,
				DE8BEFD32ACB32CD001064A9 /* ToDoListUITests */,
			);
		};
/* End PBXProject section */

/* Begin PBXResourcesBuildPhase section */
		DE8BEFB82ACB32CA001064A9 /* Resources */ = {
			isa = PBXResourcesBuildPhase;
			buildActionMask = 2147483647;
			files = (
				DE8BEFC52ACB32CD001064A9 /* Preview Assets.xcassets in Resources */,
				DE8BEFC22ACB32CD001064A9 /* Assets.xcassets in Resources */,
				DE8ECBFA2ACB454A00A99ACE /* GoogleService-Info.plist in Resources */,
			);
			runOnlyForDeploymentPostprocessing = 0;
		};
		DE8BEFC82ACB32CD001064A9 /* Resources */ = {
			isa = PBXResourcesBuildPhase;
			buildActionMask = 2147483647;
			files = (
			);
			runOnlyForDeploymentPostprocessing = 0;
		};
		DE8BEFD22ACB32CD001064A9 /* Resources */ = {
			isa = PBXResourcesBuildPhase;
			buildActionMask = 2147483647;
			files = (
			);
			runOnlyForDeploymentPostprocessing = 0;
		};
/* End PBXResourcesBuildPhase section */

/* Begin PBXSourcesBuildPhase section */
		DE8BEFB62ACB32CA001064A9 /* Sources */ = {
			isa = PBXSourcesBuildPhase;
			buildActionMask = 2147483647;
			files = (
				DE8BEFC02ACB32CA001064A9 /* MainView.swift in Sources */,
				DE8BEFBE2ACB32CA001064A9 /* ToDoListApp.swift in Sources */,
				DEA477C32ACB980A00DC3507 /* MainViewViewModel.swift in Sources */,
				DEA477CF2ACB987C00DC3507 /* RegisterView.swift in Sources */,
				DEA477CB2ACB984400DC3507 /* LoginView.swift in Sources */,
				DEA477C92ACB983700DC3507 /* LoginViewViewModel.swift in Sources */,
				DEA477D12ACB988700DC3507 /* RegisterViewViewModel.swift in Sources */,
				DE8BC5642ACBA3A900F72C20 /* Constants.swift in Sources */,
				DEA477D52ACB98E300DC3507 /* HeaderView.swift in Sources */,
				DE8BC5672ACBA4EF00F72C20 /* HeaderViewDataMock.swift in Sources */,
			);
			runOnlyForDeploymentPostprocessing = 0;
		};
		DE8BEFC62ACB32CD001064A9 /* Sources */ = {
			isa = PBXSourcesBuildPhase;
			buildActionMask = 2147483647;
			files = (
				DE8BEFCF2ACB32CD001064A9 /* ToDoListTests.swift in Sources */,
			);
			runOnlyForDeploymentPostprocessing = 0;
		};
		DE8BEFD02ACB32CD001064A9 /* Sources */ = {
			isa = PBXSourcesBuildPhase;
			buildActionMask = 2147483647;
			files = (
				DE8BEFDB2ACB32CD001064A9 /* ToDoListUITestsLaunchTests.swift in Sources */,
				DE8BEFD92ACB32CD001064A9 /* ToDoListUITests.swift in Sources */,
			);
			runOnlyForDeploymentPostprocessing = 0;
		};
/* End PBXSourcesBuildPhase section */

/* Begin PBXTargetDependency section */
		DE8BEFCC2ACB32CD001064A9 /* PBXTargetDependency */ = {
			isa = PBXTargetDependency;
			target = DE8BEFB92ACB32CA001064A9 /* ToDoList */;
			targetProxy = DE8BEFCB2ACB32CD001064A9 /* PBXContainerItemProxy */;
		};
		DE8BEFD62ACB32CD001064A9 /* PBXTargetDependency */ = {
			isa = PBXTargetDependency;
			target = DE8BEFB92ACB32CA001064A9 /* ToDoList */;
			targetProxy = DE8BEFD52ACB32CD001064A9 /* PBXContainerItemProxy */;
		};
/* End PBXTargetDependency section */

/* Begin XCBuildConfiguration section */
		DE8BEFDC2ACB32CD001064A9 /* Debug */ = {
			isa = XCBuildConfiguration;
			buildSettings = {
				ALWAYS_SEARCH_USER_PATHS = NO;
				ASSETCATALOG_COMPILER_GENERATE_SWIFT_ASSET_SYMBOL_EXTENSIONS = YES;
				CLANG_ANALYZER_NONNULL = YES;
				CLANG_ANALYZER_NUMBER_OBJECT_CONVERSION = YES_AGGRESSIVE;
				CLANG_CXX_LANGUAGE_STANDARD = "gnu++20";
				CLANG_ENABLE_MODULES = YES;
				CLANG_ENABLE_OBJC_ARC = YES;
				CLANG_ENABLE_OBJC_WEAK = YES;
				CLANG_WARN_BLOCK_CAPTURE_AUTORELEASING = YES;
				CLANG_WARN_BOOL_CONVERSION = YES;
				CLANG_WARN_COMMA = YES;
				CLANG_WARN_CONSTANT_CONVERSION = YES;
				CLANG_WARN_DEPRECATED_OBJC_IMPLEMENTATIONS = YES;
				CLANG_WARN_DIRECT_OBJC_ISA_USAGE = YES_ERROR;
				CLANG_WARN_DOCUMENTATION_COMMENTS = YES;
				CLANG_WARN_EMPTY_BODY = YES;
				CLANG_WARN_ENUM_CONVERSION = YES;
				CLANG_WARN_INFINITE_RECURSION = YES;
				CLANG_WARN_INT_CONVERSION = YES;
				CLANG_WARN_NON_LITERAL_NULL_CONVERSION = YES;
				CLANG_WARN_OBJC_IMPLICIT_RETAIN_SELF = YES;
				CLANG_WARN_OBJC_LITERAL_CONVERSION = YES;
				CLANG_WARN_OBJC_ROOT_CLASS = YES_ERROR;
				CLANG_WARN_QUOTED_INCLUDE_IN_FRAMEWORK_HEADER = YES;
				CLANG_WARN_RANGE_LOOP_ANALYSIS = YES;
				CLANG_WARN_STRICT_PROTOTYPES = YES;
				CLANG_WARN_SUSPICIOUS_MOVE = YES;
				CLANG_WARN_UNGUARDED_AVAILABILITY = YES_AGGRESSIVE;
				CLANG_WARN_UNREACHABLE_CODE = YES;
				CLANG_WARN__DUPLICATE_METHOD_MATCH = YES;
				COPY_PHASE_STRIP = NO;
				DEBUG_INFORMATION_FORMAT = dwarf;
				ENABLE_STRICT_OBJC_MSGSEND = YES;
				ENABLE_TESTABILITY = YES;
				ENABLE_USER_SCRIPT_SANDBOXING = YES;
				GCC_C_LANGUAGE_STANDARD = gnu17;
				GCC_DYNAMIC_NO_PIC = NO;
				GCC_NO_COMMON_BLOCKS = YES;
				GCC_OPTIMIZATION_LEVEL = 0;
				GCC_PREPROCESSOR_DEFINITIONS = (
					"DEBUG=1",
					"$(inherited)",
				);
				GCC_WARN_64_TO_32_BIT_CONVERSION = YES;
				GCC_WARN_ABOUT_RETURN_TYPE = YES_ERROR;
				GCC_WARN_UNDECLARED_SELECTOR = YES;
				GCC_WARN_UNINITIALIZED_AUTOS = YES_AGGRESSIVE;
				GCC_WARN_UNUSED_FUNCTION = YES;
				GCC_WARN_UNUSED_VARIABLE = YES;
				IPHONEOS_DEPLOYMENT_TARGET = 17.0;
				LOCALIZATION_PREFERS_STRING_CATALOGS = YES;
				MTL_ENABLE_DEBUG_INFO = INCLUDE_SOURCE;
				MTL_FAST_MATH = YES;
				ONLY_ACTIVE_ARCH = YES;
				SDKROOT = iphoneos;
				SWIFT_ACTIVE_COMPILATION_CONDITIONS = "DEBUG $(inherited)";
				SWIFT_OPTIMIZATION_LEVEL = "-Onone";
			};
			name = Debug;
		};
		DE8BEFDD2ACB32CD001064A9 /* Release */ = {
			isa = XCBuildConfiguration;
			buildSettings = {
				ALWAYS_SEARCH_USER_PATHS = NO;
				ASSETCATALOG_COMPILER_GENERATE_SWIFT_ASSET_SYMBOL_EXTENSIONS = YES;
				CLANG_ANALYZER_NONNULL = YES;
				CLANG_ANALYZER_NUMBER_OBJECT_CONVERSION = YES_AGGRESSIVE;
				CLANG_CXX_LANGUAGE_STANDARD = "gnu++20";
				CLANG_ENABLE_MODULES = YES;
				CLANG_ENABLE_OBJC_ARC = YES;
				CLANG_ENABLE_OBJC_WEAK = YES;
				CLANG_WARN_BLOCK_CAPTURE_AUTORELEASING = YES;
				CLANG_WARN_BOOL_CONVERSION = YES;
				CLANG_WARN_COMMA = YES;
				CLANG_WARN_CONSTANT_CONVERSION = YES;
				CLANG_WARN_DEPRECATED_OBJC_IMPLEMENTATIONS = YES;
				CLANG_WARN_DIRECT_OBJC_ISA_USAGE = YES_ERROR;
				CLANG_WARN_DOCUMENTATION_COMMENTS = YES;
				CLANG_WARN_EMPTY_BODY = YES;
				CLANG_WARN_ENUM_CONVERSION = YES;
				CLANG_WARN_INFINITE_RECURSION = YES;
				CLANG_WARN_INT_CONVERSION = YES;
				CLANG_WARN_NON_LITERAL_NULL_CONVERSION = YES;
				CLANG_WARN_OBJC_IMPLICIT_RETAIN_SELF = YES;
				CLANG_WARN_OBJC_LITERAL_CONVERSION = YES;
				CLANG_WARN_OBJC_ROOT_CLASS = YES_ERROR;
				CLANG_WARN_QUOTED_INCLUDE_IN_FRAMEWORK_HEADER = YES;
				CLANG_WARN_RANGE_LOOP_ANALYSIS = YES;
				CLANG_WARN_STRICT_PROTOTYPES = YES;
				CLANG_WARN_SUSPICIOUS_MOVE = YES;
				CLANG_WARN_UNGUARDED_AVAILABILITY = YES_AGGRESSIVE;
				CLANG_WARN_UNREACHABLE_CODE = YES;
				CLANG_WARN__DUPLICATE_METHOD_MATCH = YES;
				COPY_PHASE_STRIP = NO;
				DEBUG_INFORMATION_FORMAT = "dwarf-with-dsym";
				ENABLE_NS_ASSERTIONS = NO;
				ENABLE_STRICT_OBJC_MSGSEND = YES;
				ENABLE_USER_SCRIPT_SANDBOXING = YES;
				GCC_C_LANGUAGE_STANDARD = gnu17;
				GCC_NO_COMMON_BLOCKS = YES;
				GCC_WARN_64_TO_32_BIT_CONVERSION = YES;
				GCC_WARN_ABOUT_RETURN_TYPE = YES_ERROR;
				GCC_WARN_UNDECLARED_SELECTOR = YES;
				GCC_WARN_UNINITIALIZED_AUTOS = YES_AGGRESSIVE;
				GCC_WARN_UNUSED_FUNCTION = YES;
				GCC_WARN_UNUSED_VARIABLE = YES;
				IPHONEOS_DEPLOYMENT_TARGET = 17.0;
				LOCALIZATION_PREFERS_STRING_CATALOGS = YES;
				MTL_ENABLE_DEBUG_INFO = NO;
				MTL_FAST_MATH = YES;
				SDKROOT = iphoneos;
				SWIFT_COMPILATION_MODE = wholemodule;
				VALIDATE_PRODUCT = YES;
			};
			name = Release;
		};
		DE8BEFDF2ACB32CD001064A9 /* Debug */ = {
			isa = XCBuildConfiguration;
			buildSettings = {
				ASSETCATALOG_COMPILER_APPICON_NAME = AppIcon;
				ASSETCATALOG_COMPILER_GLOBAL_ACCENT_COLOR_NAME = AccentColor;
				CODE_SIGN_IDENTITY = "Apple Development";
				CODE_SIGN_STYLE = Automatic;
				CURRENT_PROJECT_VERSION = 1;
				DEVELOPMENT_ASSET_PATHS = "\"ToDoList/Preview Content\"";
				DEVELOPMENT_TEAM = LZ55Q48Z5Y;
				ENABLE_PREVIEWS = YES;
				GENERATE_INFOPLIST_FILE = YES;
				INFOPLIST_KEY_CFBundleDisplayName = "To Do List";
				INFOPLIST_KEY_UIApplicationSceneManifest_Generation = YES;
				INFOPLIST_KEY_UIApplicationSupportsIndirectInputEvents = YES;
				INFOPLIST_KEY_UILaunchScreen_Generation = YES;
				INFOPLIST_KEY_UISupportedInterfaceOrientations = UIInterfaceOrientationPortrait;
				LD_RUNPATH_SEARCH_PATHS = (
					"$(inherited)",
					"@executable_path/Frameworks",
				);
				MARKETING_VERSION = 1.0;
				PRODUCT_BUNDLE_IDENTIFIER = com.luucassoares.ToDoList;
				PRODUCT_NAME = "$(TARGET_NAME)";
				PROVISIONING_PROFILE_SPECIFIER = "";
				SWIFT_EMIT_LOC_STRINGS = YES;
				SWIFT_VERSION = 5.0;
				TARGETED_DEVICE_FAMILY = "1,2";
			};
			name = Debug;
		};
		DE8BEFE02ACB32CD001064A9 /* Release */ = {
			isa = XCBuildConfiguration;
			buildSettings = {
				ASSETCATALOG_COMPILER_APPICON_NAME = AppIcon;
				ASSETCATALOG_COMPILER_GLOBAL_ACCENT_COLOR_NAME = AccentColor;
				CODE_SIGN_IDENTITY = "Apple Development";
				CODE_SIGN_STYLE = Automatic;
				CURRENT_PROJECT_VERSION = 1;
				DEVELOPMENT_ASSET_PATHS = "\"ToDoList/Preview Content\"";
				DEVELOPMENT_TEAM = LZ55Q48Z5Y;
				ENABLE_PREVIEWS = YES;
				GENERATE_INFOPLIST_FILE = YES;
				INFOPLIST_KEY_CFBundleDisplayName = "To Do List";
				INFOPLIST_KEY_UIApplicationSceneManifest_Generation = YES;
				INFOPLIST_KEY_UIApplicationSupportsIndirectInputEvents = YES;
				INFOPLIST_KEY_UILaunchScreen_Generation = YES;
				INFOPLIST_KEY_UISupportedInterfaceOrientations = UIInterfaceOrientationPortrait;
				LD_RUNPATH_SEARCH_PATHS = (
					"$(inherited)",
					"@executable_path/Frameworks",
				);
				MARKETING_VERSION = 1.0;
				PRODUCT_BUNDLE_IDENTIFIER = com.luucassoares.ToDoList;
				PRODUCT_NAME = "$(TARGET_NAME)";
				PROVISIONING_PROFILE_SPECIFIER = "";
				SWIFT_EMIT_LOC_STRINGS = YES;
				SWIFT_VERSION = 5.0;
				TARGETED_DEVICE_FAMILY = "1,2";
			};
			name = Release;
		};
		DE8BEFE22ACB32CD001064A9 /* Debug */ = {
			isa = XCBuildConfiguration;
			buildSettings = {
				ALWAYS_EMBED_SWIFT_STANDARD_LIBRARIES = YES;
				BUNDLE_LOADER = "$(TEST_HOST)";
				CODE_SIGN_STYLE = Automatic;
				CURRENT_PROJECT_VERSION = 1;
				DEVELOPMENT_TEAM = LZ55Q48Z5Y;
				GENERATE_INFOPLIST_FILE = YES;
				IPHONEOS_DEPLOYMENT_TARGET = 17.0;
				MARKETING_VERSION = 1.0;
				PRODUCT_BUNDLE_IDENTIFIER = com.luucassoares.ToDoListTests;
				PRODUCT_NAME = "$(TARGET_NAME)";
				SWIFT_EMIT_LOC_STRINGS = NO;
				SWIFT_VERSION = 5.0;
				TARGETED_DEVICE_FAMILY = "1,2";
				TEST_HOST = "$(BUILT_PRODUCTS_DIR)/ToDoList.app/$(BUNDLE_EXECUTABLE_FOLDER_PATH)/ToDoList";
			};
			name = Debug;
		};
		DE8BEFE32ACB32CD001064A9 /* Release */ = {
			isa = XCBuildConfiguration;
			buildSettings = {
				ALWAYS_EMBED_SWIFT_STANDARD_LIBRARIES = YES;
				BUNDLE_LOADER = "$(TEST_HOST)";
				CODE_SIGN_STYLE = Automatic;
				CURRENT_PROJECT_VERSION = 1;
				DEVELOPMENT_TEAM = LZ55Q48Z5Y;
				GENERATE_INFOPLIST_FILE = YES;
				IPHONEOS_DEPLOYMENT_TARGET = 17.0;
				MARKETING_VERSION = 1.0;
				PRODUCT_BUNDLE_IDENTIFIER = com.luucassoares.ToDoListTests;
				PRODUCT_NAME = "$(TARGET_NAME)";
				SWIFT_EMIT_LOC_STRINGS = NO;
				SWIFT_VERSION = 5.0;
				TARGETED_DEVICE_FAMILY = "1,2";
				TEST_HOST = "$(BUILT_PRODUCTS_DIR)/ToDoList.app/$(BUNDLE_EXECUTABLE_FOLDER_PATH)/ToDoList";
			};
			name = Release;
		};
		DE8BEFE52ACB32CD001064A9 /* Debug */ = {
			isa = XCBuildConfiguration;
			buildSettings = {
				ALWAYS_EMBED_SWIFT_STANDARD_LIBRARIES = YES;
				CODE_SIGN_STYLE = Automatic;
				CURRENT_PROJECT_VERSION = 1;
				DEVELOPMENT_TEAM = LZ55Q48Z5Y;
				GENERATE_INFOPLIST_FILE = YES;
				MARKETING_VERSION = 1.0;
				PRODUCT_BUNDLE_IDENTIFIER = com.luucassoares.ToDoListUITests;
				PRODUCT_NAME = "$(TARGET_NAME)";
				SWIFT_EMIT_LOC_STRINGS = NO;
				SWIFT_VERSION = 5.0;
				TARGETED_DEVICE_FAMILY = "1,2";
				TEST_TARGET_NAME = ToDoList;
			};
			name = Debug;
		};
		DE8BEFE62ACB32CD001064A9 /* Release */ = {
			isa = XCBuildConfiguration;
			buildSettings = {
				ALWAYS_EMBED_SWIFT_STANDARD_LIBRARIES = YES;
				CODE_SIGN_STYLE = Automatic;
				CURRENT_PROJECT_VERSION = 1;
				DEVELOPMENT_TEAM = LZ55Q48Z5Y;
				GENERATE_INFOPLIST_FILE = YES;
				MARKETING_VERSION = 1.0;
				PRODUCT_BUNDLE_IDENTIFIER = com.luucassoares.ToDoListUITests;
				PRODUCT_NAME = "$(TARGET_NAME)";
				SWIFT_EMIT_LOC_STRINGS = NO;
				SWIFT_VERSION = 5.0;
				TARGETED_DEVICE_FAMILY = "1,2";
				TEST_TARGET_NAME = ToDoList;
			};
			name = Release;
		};
/* End XCBuildConfiguration section */

/* Begin XCConfigurationList section */
		DE8BEFB52ACB32CA001064A9 /* Build configuration list for PBXProject "ToDoList" */ = {
			isa = XCConfigurationList;
			buildConfigurations = (
				DE8BEFDC2ACB32CD001064A9 /* Debug */,
				DE8BEFDD2ACB32CD001064A9 /* Release */,
			);
			defaultConfigurationIsVisible = 0;
			defaultConfigurationName = Release;
		};
		DE8BEFDE2ACB32CD001064A9 /* Build configuration list for PBXNativeTarget "ToDoList" */ = {
			isa = XCConfigurationList;
			buildConfigurations = (
				DE8BEFDF2ACB32CD001064A9 /* Debug */,
				DE8BEFE02ACB32CD001064A9 /* Release */,
			);
			defaultConfigurationIsVisible = 0;
			defaultConfigurationName = Release;
		};
		DE8BEFE12ACB32CD001064A9 /* Build configuration list for PBXNativeTarget "ToDoListTests" */ = {
			isa = XCConfigurationList;
			buildConfigurations = (
				DE8BEFE22ACB32CD001064A9 /* Debug */,
				DE8BEFE32ACB32CD001064A9 /* Release */,
			);
			defaultConfigurationIsVisible = 0;
			defaultConfigurationName = Release;
		};
		DE8BEFE42ACB32CD001064A9 /* Build configuration list for PBXNativeTarget "ToDoListUITests" */ = {
			isa = XCConfigurationList;
			buildConfigurations = (
				DE8BEFE52ACB32CD001064A9 /* Debug */,
				DE8BEFE62ACB32CD001064A9 /* Release */,
			);
			defaultConfigurationIsVisible = 0;
			defaultConfigurationName = Release;
		};
/* End XCConfigurationList section */

/* Begin XCRemoteSwiftPackageReference section */
		DE8ECBF82ACB42E600A99ACE /* XCRemoteSwiftPackageReference "firebase-ios-sdk" */ = {
			isa = XCRemoteSwiftPackageReference;
			repositoryURL = "https://github.com/firebase/firebase-ios-sdk.git";
			requirement = {
				kind = upToNextMajorVersion;
				minimumVersion = 10.15.0;
			};
		};
/* End XCRemoteSwiftPackageReference section */

/* Begin XCSwiftPackageProductDependency section */
		DED567C62ACB917200984E02 /* FirebaseAuth */ = {
			isa = XCSwiftPackageProductDependency;
			package = DE8ECBF82ACB42E600A99ACE /* XCRemoteSwiftPackageReference "firebase-ios-sdk" */;
			productName = FirebaseAuth;
		};
		DED567C82ACB917200984E02 /* FirebaseFirestore */ = {
			isa = XCSwiftPackageProductDependency;
			package = DE8ECBF82ACB42E600A99ACE /* XCRemoteSwiftPackageReference "firebase-ios-sdk" */;
			productName = FirebaseFirestore;
		};
		DED567CA2ACB917200984E02 /* FirebaseFirestoreSwift */ = {
			isa = XCSwiftPackageProductDependency;
			package = DE8ECBF82ACB42E600A99ACE /* XCRemoteSwiftPackageReference "firebase-ios-sdk" */;
			productName = FirebaseFirestoreSwift;
		};
		DED567CC2ACB917200984E02 /* FirebaseStorage */ = {
			isa = XCSwiftPackageProductDependency;
			package = DE8ECBF82ACB42E600A99ACE /* XCRemoteSwiftPackageReference "firebase-ios-sdk" */;
			productName = FirebaseStorage;
		};
/* End XCSwiftPackageProductDependency section */
	};
	rootObject = DE8BEFB22ACB32CA001064A9 /* Project object */;
}
